// !$*UTF8*$!
{
	archiveVersion = 1;
	classes = {
	};
	objectVersion = 56;
	objects = {

/* Begin PBXBuildFile section */
		069256070567886C2D003ADD /* Pods_CryptoApp.framework in Frameworks */ = {isa = PBXBuildFile; fileRef = 1C0D79AC9E713F4BEF91CB44 /* Pods_CryptoApp.framework */; };
		133F2F2C2AD2B46700676947 /* UIButton+Extension.swift in Sources */ = {isa = PBXBuildFile; fileRef = 133F2F2B2AD2B46700676947 /* UIButton+Extension.swift */; };
		133F2F2E2AD2B48B00676947 /* UIViewController+Extension.swift in Sources */ = {isa = PBXBuildFile; fileRef = 133F2F2D2AD2B48B00676947 /* UIViewController+Extension.swift */; };
		13607BD02ACD6969008529D2 /* AppDelegate.swift in Sources */ = {isa = PBXBuildFile; fileRef = 13607BCF2ACD6969008529D2 /* AppDelegate.swift */; };
		13607BD92ACD696A008529D2 /* Assets.xcassets in Resources */ = {isa = PBXBuildFile; fileRef = 13607BD82ACD696A008529D2 /* Assets.xcassets */; };
		13607BDC2ACD696A008529D2 /* LaunchScreen.storyboard in Resources */ = {isa = PBXBuildFile; fileRef = 13607BDA2ACD696A008529D2 /* LaunchScreen.storyboard */; };
		13607BE72ACD696A008529D2 /* CryptoAppTests.swift in Sources */ = {isa = PBXBuildFile; fileRef = 13607BE62ACD696A008529D2 /* CryptoAppTests.swift */; };
		13607BF12ACD696A008529D2 /* CryptoAppUITests.swift in Sources */ = {isa = PBXBuildFile; fileRef = 13607BF02ACD696A008529D2 /* CryptoAppUITests.swift */; };
		13607BF32ACD696A008529D2 /* CryptoAppUITestsLaunchTests.swift in Sources */ = {isa = PBXBuildFile; fileRef = 13607BF22ACD696A008529D2 /* CryptoAppUITestsLaunchTests.swift */; };
		137C04E72ACEBC4D009E0317 /* Validation.swift in Sources */ = {isa = PBXBuildFile; fileRef = 137C04E62ACEBC4D009E0317 /* Validation.swift */; };
		137C04E92ACF3D4E009E0317 /* GoogleService-Info.plist in Resources */ = {isa = PBXBuildFile; fileRef = 137C04E82ACF3D4E009E0317 /* GoogleService-Info.plist */; };
		1397D0152AD5C46E006325BE /* HomeViewController.swift in Sources */ = {isa = PBXBuildFile; fileRef = 1397D0132AD5C46E006325BE /* HomeViewController.swift */; };
		1397D0162AD5C46E006325BE /* HomeViewController.xib in Resources */ = {isa = PBXBuildFile; fileRef = 1397D0142AD5C46E006325BE /* HomeViewController.xib */; };
		1397D0192AD5C482006325BE /* WatchListViewController.swift in Sources */ = {isa = PBXBuildFile; fileRef = 1397D0172AD5C482006325BE /* WatchListViewController.swift */; };
		1397D01A2AD5C482006325BE /* WatchListViewController.xib in Resources */ = {isa = PBXBuildFile; fileRef = 1397D0182AD5C482006325BE /* WatchListViewController.xib */; };
		1397D01D2AD5C5E8006325BE /* PortfolioViewController.swift in Sources */ = {isa = PBXBuildFile; fileRef = 1397D01B2AD5C5E8006325BE /* PortfolioViewController.swift */; };
		1397D01E2AD5C5E8006325BE /* PortfolioViewController.xib in Resources */ = {isa = PBXBuildFile; fileRef = 1397D01C2AD5C5E8006325BE /* PortfolioViewController.xib */; };
		1397D0212AD5C5F6006325BE /* SettingViewController.swift in Sources */ = {isa = PBXBuildFile; fileRef = 1397D01F2AD5C5F6006325BE /* SettingViewController.swift */; };
		1397D0222AD5C5F6006325BE /* SettingViewController.xib in Resources */ = {isa = PBXBuildFile; fileRef = 1397D0202AD5C5F6006325BE /* SettingViewController.xib */; };
		139A39CA2AD13FA000FE27EE /* User.swift in Sources */ = {isa = PBXBuildFile; fileRef = 139A39C92AD13FA000FE27EE /* User.swift */; };
		13B30F732AD0816F004FDEE0 /* FirebaseAuthHelper.swift in Sources */ = {isa = PBXBuildFile; fileRef = 13B30F722AD0816F004FDEE0 /* FirebaseAuthHelper.swift */; };
		13B30F752AD08710004FDEE0 /* FirestoreHelper.swift in Sources */ = {isa = PBXBuildFile; fileRef = 13B30F742AD08710004FDEE0 /* FirestoreHelper.swift */; };
		13FE0FCF2ACD6F6D00D519CA /* MainViewController.swift in Sources */ = {isa = PBXBuildFile; fileRef = 13FE0FCD2ACD6F6D00D519CA /* MainViewController.swift */; };
		13FE0FD02ACD6F6D00D519CA /* MainViewController.xib in Resources */ = {isa = PBXBuildFile; fileRef = 13FE0FCE2ACD6F6D00D519CA /* MainViewController.xib */; };
		13FE0FD22ACD705A00D519CA /* SceneDelegate.swift in Sources */ = {isa = PBXBuildFile; fileRef = 13FE0FD12ACD705A00D519CA /* SceneDelegate.swift */; };
		13FE0FDF2ACD72BA00D519CA /* LoginViewController.swift in Sources */ = {isa = PBXBuildFile; fileRef = 13FE0FDD2ACD72BA00D519CA /* LoginViewController.swift */; };
		13FE0FE02ACD72BA00D519CA /* LoginViewController.xib in Resources */ = {isa = PBXBuildFile; fileRef = 13FE0FDE2ACD72BA00D519CA /* LoginViewController.xib */; };
		13FE0FE52ACD72E500D519CA /* RegisterViewController.swift in Sources */ = {isa = PBXBuildFile; fileRef = 13FE0FE32ACD72E500D519CA /* RegisterViewController.swift */; };
		13FE0FE62ACD72E500D519CA /* RegisterViewController.xib in Resources */ = {isa = PBXBuildFile; fileRef = 13FE0FE42ACD72E500D519CA /* RegisterViewController.xib */; };
		13FE0FE82ACD72F100D519CA /* LoginViewModel.swift in Sources */ = {isa = PBXBuildFile; fileRef = 13FE0FE72ACD72F100D519CA /* LoginViewModel.swift */; };
		13FE0FEA2ACD730100D519CA /* RegisterViewModel.swift in Sources */ = {isa = PBXBuildFile; fileRef = 13FE0FE92ACD730100D519CA /* RegisterViewModel.swift */; };
		13FE0FF82ACD780100D519CA /* UIView+Extension.swift in Sources */ = {isa = PBXBuildFile; fileRef = 13FE0FF72ACD780100D519CA /* UIView+Extension.swift */; };
		13FE0FFC2ACDCC3300D519CA /* InputTextField.swift in Sources */ = {isa = PBXBuildFile; fileRef = 13FE0FFA2ACDCC3300D519CA /* InputTextField.swift */; };
		13FE0FFD2ACDCC3300D519CA /* InputTextField.xib in Resources */ = {isa = PBXBuildFile; fileRef = 13FE0FFB2ACDCC3300D519CA /* InputTextField.xib */; };
		275985994EB56D0498BC8F8A /* Pods_CryptoAppTests.framework in Frameworks */ = {isa = PBXBuildFile; fileRef = 817361604C0453DA4A51C50E /* Pods_CryptoAppTests.framework */; };
		2CA6D1FD1E16378562147FAD /* Pods_CryptoApp_CryptoAppUITests.framework in Frameworks */ = {isa = PBXBuildFile; fileRef = F6C75ECC4BC49712D5BBDF8F /* Pods_CryptoApp_CryptoAppUITests.framework */; };
/* End PBXBuildFile section */

/* Begin PBXContainerItemProxy section */
		13607BE32ACD696A008529D2 /* PBXContainerItemProxy */ = {
			isa = PBXContainerItemProxy;
			containerPortal = 13607BC42ACD6969008529D2 /* Project object */;
			proxyType = 1;
			remoteGlobalIDString = 13607BCB2ACD6969008529D2;
			remoteInfo = CryptoApp;
		};
		13607BED2ACD696A008529D2 /* PBXContainerItemProxy */ = {
			isa = PBXContainerItemProxy;
			containerPortal = 13607BC42ACD6969008529D2 /* Project object */;
			proxyType = 1;
			remoteGlobalIDString = 13607BCB2ACD6969008529D2;
			remoteInfo = CryptoApp;
		};
/* End PBXContainerItemProxy section */

/* Begin PBXFileReference section */
		133F2F2B2AD2B46700676947 /* UIButton+Extension.swift */ = {isa = PBXFileReference; lastKnownFileType = sourcecode.swift; path = "UIButton+Extension.swift"; sourceTree = "<group>"; };
		133F2F2D2AD2B48B00676947 /* UIViewController+Extension.swift */ = {isa = PBXFileReference; lastKnownFileType = sourcecode.swift; path = "UIViewController+Extension.swift"; sourceTree = "<group>"; };
		13607BCC2ACD6969008529D2 /* CryptoApp.app */ = {isa = PBXFileReference; explicitFileType = wrapper.application; includeInIndex = 0; path = CryptoApp.app; sourceTree = BUILT_PRODUCTS_DIR; };
		13607BCF2ACD6969008529D2 /* AppDelegate.swift */ = {isa = PBXFileReference; lastKnownFileType = sourcecode.swift; path = AppDelegate.swift; sourceTree = "<group>"; };
		13607BD82ACD696A008529D2 /* Assets.xcassets */ = {isa = PBXFileReference; lastKnownFileType = folder.assetcatalog; path = Assets.xcassets; sourceTree = "<group>"; };
		13607BDB2ACD696A008529D2 /* Base */ = {isa = PBXFileReference; lastKnownFileType = file.storyboard; name = Base; path = Base.lproj/LaunchScreen.storyboard; sourceTree = "<group>"; };
		13607BDD2ACD696A008529D2 /* Info.plist */ = {isa = PBXFileReference; lastKnownFileType = text.plist.xml; path = Info.plist; sourceTree = "<group>"; };
		13607BE22ACD696A008529D2 /* CryptoAppTests.xctest */ = {isa = PBXFileReference; explicitFileType = wrapper.cfbundle; includeInIndex = 0; path = CryptoAppTests.xctest; sourceTree = BUILT_PRODUCTS_DIR; };
		13607BE62ACD696A008529D2 /* CryptoAppTests.swift */ = {isa = PBXFileReference; lastKnownFileType = sourcecode.swift; path = CryptoAppTests.swift; sourceTree = "<group>"; };
		13607BEC2ACD696A008529D2 /* CryptoAppUITests.xctest */ = {isa = PBXFileReference; explicitFileType = wrapper.cfbundle; includeInIndex = 0; path = CryptoAppUITests.xctest; sourceTree = BUILT_PRODUCTS_DIR; };
		13607BF02ACD696A008529D2 /* CryptoAppUITests.swift */ = {isa = PBXFileReference; lastKnownFileType = sourcecode.swift; path = CryptoAppUITests.swift; sourceTree = "<group>"; };
		13607BF22ACD696A008529D2 /* CryptoAppUITestsLaunchTests.swift */ = {isa = PBXFileReference; lastKnownFileType = sourcecode.swift; path = CryptoAppUITestsLaunchTests.swift; sourceTree = "<group>"; };
		137C04E62ACEBC4D009E0317 /* Validation.swift */ = {isa = PBXFileReference; lastKnownFileType = sourcecode.swift; path = Validation.swift; sourceTree = "<group>"; };
		137C04E82ACF3D4E009E0317 /* GoogleService-Info.plist */ = {isa = PBXFileReference; fileEncoding = 4; lastKnownFileType = text.plist.xml; path = "GoogleService-Info.plist"; sourceTree = "<group>"; };
		1397D0132AD5C46E006325BE /* HomeViewController.swift */ = {isa = PBXFileReference; lastKnownFileType = sourcecode.swift; path = HomeViewController.swift; sourceTree = "<group>"; };
		1397D0142AD5C46E006325BE /* HomeViewController.xib */ = {isa = PBXFileReference; lastKnownFileType = file.xib; path = HomeViewController.xib; sourceTree = "<group>"; };
		1397D0172AD5C482006325BE /* WatchListViewController.swift */ = {isa = PBXFileReference; lastKnownFileType = sourcecode.swift; path = WatchListViewController.swift; sourceTree = "<group>"; };
		1397D0182AD5C482006325BE /* WatchListViewController.xib */ = {isa = PBXFileReference; lastKnownFileType = file.xib; path = WatchListViewController.xib; sourceTree = "<group>"; };
		1397D01B2AD5C5E8006325BE /* PortfolioViewController.swift */ = {isa = PBXFileReference; lastKnownFileType = sourcecode.swift; path = PortfolioViewController.swift; sourceTree = "<group>"; };
		1397D01C2AD5C5E8006325BE /* PortfolioViewController.xib */ = {isa = PBXFileReference; lastKnownFileType = file.xib; path = PortfolioViewController.xib; sourceTree = "<group>"; };
		1397D01F2AD5C5F6006325BE /* SettingViewController.swift */ = {isa = PBXFileReference; lastKnownFileType = sourcecode.swift; path = SettingViewController.swift; sourceTree = "<group>"; };
		1397D0202AD5C5F6006325BE /* SettingViewController.xib */ = {isa = PBXFileReference; lastKnownFileType = file.xib; path = SettingViewController.xib; sourceTree = "<group>"; };
		139A39C92AD13FA000FE27EE /* User.swift */ = {isa = PBXFileReference; lastKnownFileType = sourcecode.swift; path = User.swift; sourceTree = "<group>"; };
		13B30F722AD0816F004FDEE0 /* FirebaseAuthHelper.swift */ = {isa = PBXFileReference; lastKnownFileType = sourcecode.swift; path = FirebaseAuthHelper.swift; sourceTree = "<group>"; };
		13B30F742AD08710004FDEE0 /* FirestoreHelper.swift */ = {isa = PBXFileReference; lastKnownFileType = sourcecode.swift; path = FirestoreHelper.swift; sourceTree = "<group>"; };
		13FE0FCD2ACD6F6D00D519CA /* MainViewController.swift */ = {isa = PBXFileReference; lastKnownFileType = sourcecode.swift; path = MainViewController.swift; sourceTree = "<group>"; };
		13FE0FCE2ACD6F6D00D519CA /* MainViewController.xib */ = {isa = PBXFileReference; lastKnownFileType = file.xib; path = MainViewController.xib; sourceTree = "<group>"; };
		13FE0FD12ACD705A00D519CA /* SceneDelegate.swift */ = {isa = PBXFileReference; fileEncoding = 4; lastKnownFileType = sourcecode.swift; path = SceneDelegate.swift; sourceTree = "<group>"; };
		13FE0FDD2ACD72BA00D519CA /* LoginViewController.swift */ = {isa = PBXFileReference; lastKnownFileType = sourcecode.swift; path = LoginViewController.swift; sourceTree = "<group>"; };
		13FE0FDE2ACD72BA00D519CA /* LoginViewController.xib */ = {isa = PBXFileReference; lastKnownFileType = file.xib; path = LoginViewController.xib; sourceTree = "<group>"; };
		13FE0FE32ACD72E500D519CA /* RegisterViewController.swift */ = {isa = PBXFileReference; lastKnownFileType = sourcecode.swift; path = RegisterViewController.swift; sourceTree = "<group>"; };
		13FE0FE42ACD72E500D519CA /* RegisterViewController.xib */ = {isa = PBXFileReference; lastKnownFileType = file.xib; path = RegisterViewController.xib; sourceTree = "<group>"; };
		13FE0FE72ACD72F100D519CA /* LoginViewModel.swift */ = {isa = PBXFileReference; lastKnownFileType = sourcecode.swift; path = LoginViewModel.swift; sourceTree = "<group>"; };
		13FE0FE92ACD730100D519CA /* RegisterViewModel.swift */ = {isa = PBXFileReference; lastKnownFileType = sourcecode.swift; path = RegisterViewModel.swift; sourceTree = "<group>"; };
		13FE0FF72ACD780100D519CA /* UIView+Extension.swift */ = {isa = PBXFileReference; lastKnownFileType = sourcecode.swift; path = "UIView+Extension.swift"; sourceTree = "<group>"; };
		13FE0FFA2ACDCC3300D519CA /* InputTextField.swift */ = {isa = PBXFileReference; lastKnownFileType = sourcecode.swift; path = InputTextField.swift; sourceTree = "<group>"; };
		13FE0FFB2ACDCC3300D519CA /* InputTextField.xib */ = {isa = PBXFileReference; lastKnownFileType = file.xib; path = InputTextField.xib; sourceTree = "<group>"; };
		1C0D79AC9E713F4BEF91CB44 /* Pods_CryptoApp.framework */ = {isa = PBXFileReference; explicitFileType = wrapper.framework; includeInIndex = 0; path = Pods_CryptoApp.framework; sourceTree = BUILT_PRODUCTS_DIR; };
		1D6BD845D4C3E6A42DA1D399 /* Pods-CryptoApp-CryptoAppUITests.debug.xcconfig */ = {isa = PBXFileReference; includeInIndex = 1; lastKnownFileType = text.xcconfig; name = "Pods-CryptoApp-CryptoAppUITests.debug.xcconfig"; path = "Target Support Files/Pods-CryptoApp-CryptoAppUITests/Pods-CryptoApp-CryptoAppUITests.debug.xcconfig"; sourceTree = "<group>"; };
		33674DAC449094691CCA9577 /* Pods-CryptoApp.release.xcconfig */ = {isa = PBXFileReference; includeInIndex = 1; lastKnownFileType = text.xcconfig; name = "Pods-CryptoApp.release.xcconfig"; path = "Target Support Files/Pods-CryptoApp/Pods-CryptoApp.release.xcconfig"; sourceTree = "<group>"; };
		817361604C0453DA4A51C50E /* Pods_CryptoAppTests.framework */ = {isa = PBXFileReference; explicitFileType = wrapper.framework; includeInIndex = 0; path = Pods_CryptoAppTests.framework; sourceTree = BUILT_PRODUCTS_DIR; };
		8B2945F62B7AE8275E2D5603 /* Pods-CryptoApp.debug.xcconfig */ = {isa = PBXFileReference; includeInIndex = 1; lastKnownFileType = text.xcconfig; name = "Pods-CryptoApp.debug.xcconfig"; path = "Target Support Files/Pods-CryptoApp/Pods-CryptoApp.debug.xcconfig"; sourceTree = "<group>"; };
		BA634FD3CCEE006125100828 /* Pods-CryptoAppTests.debug.xcconfig */ = {isa = PBXFileReference; includeInIndex = 1; lastKnownFileType = text.xcconfig; name = "Pods-CryptoAppTests.debug.xcconfig"; path = "Target Support Files/Pods-CryptoAppTests/Pods-CryptoAppTests.debug.xcconfig"; sourceTree = "<group>"; };
		E129720C5A79E7B67E1EC5CC /* Pods-CryptoApp-CryptoAppUITests.release.xcconfig */ = {isa = PBXFileReference; includeInIndex = 1; lastKnownFileType = text.xcconfig; name = "Pods-CryptoApp-CryptoAppUITests.release.xcconfig"; path = "Target Support Files/Pods-CryptoApp-CryptoAppUITests/Pods-CryptoApp-CryptoAppUITests.release.xcconfig"; sourceTree = "<group>"; };
		F259FCE398BB91DC35EB6D7D /* Pods-CryptoAppTests.release.xcconfig */ = {isa = PBXFileReference; includeInIndex = 1; lastKnownFileType = text.xcconfig; name = "Pods-CryptoAppTests.release.xcconfig"; path = "Target Support Files/Pods-CryptoAppTests/Pods-CryptoAppTests.release.xcconfig"; sourceTree = "<group>"; };
		F6C75ECC4BC49712D5BBDF8F /* Pods_CryptoApp_CryptoAppUITests.framework */ = {isa = PBXFileReference; explicitFileType = wrapper.framework; includeInIndex = 0; path = Pods_CryptoApp_CryptoAppUITests.framework; sourceTree = BUILT_PRODUCTS_DIR; };
/* End PBXFileReference section */

/* Begin PBXFrameworksBuildPhase section */
		13607BC92ACD6969008529D2 /* Frameworks */ = {
			isa = PBXFrameworksBuildPhase;
			buildActionMask = 2147483647;
			files = (
				069256070567886C2D003ADD /* Pods_CryptoApp.framework in Frameworks */,
			);
			runOnlyForDeploymentPostprocessing = 0;
		};
		13607BDF2ACD696A008529D2 /* Frameworks */ = {
			isa = PBXFrameworksBuildPhase;
			buildActionMask = 2147483647;
			files = (
				275985994EB56D0498BC8F8A /* Pods_CryptoAppTests.framework in Frameworks */,
			);
			runOnlyForDeploymentPostprocessing = 0;
		};
		13607BE92ACD696A008529D2 /* Frameworks */ = {
			isa = PBXFrameworksBuildPhase;
			buildActionMask = 2147483647;
			files = (
				2CA6D1FD1E16378562147FAD /* Pods_CryptoApp_CryptoAppUITests.framework in Frameworks */,
			);
			runOnlyForDeploymentPostprocessing = 0;
		};
/* End PBXFrameworksBuildPhase section */

/* Begin PBXGroup section */
		13607BC32ACD6969008529D2 = {
			isa = PBXGroup;
			children = (
				13607BCE2ACD6969008529D2 /* CryptoApp */,
				13607BE52ACD696A008529D2 /* CryptoAppTests */,
				13607BEF2ACD696A008529D2 /* CryptoAppUITests */,
				13607BCD2ACD6969008529D2 /* Products */,
				FB310C4D34B01D7F1EBBF64D /* Pods */,
				F3347B8FD30D47D9D5D8A7AA /* Frameworks */,
			);
			sourceTree = "<group>";
		};
		13607BCD2ACD6969008529D2 /* Products */ = {
			isa = PBXGroup;
			children = (
				13607BCC2ACD6969008529D2 /* CryptoApp.app */,
				13607BE22ACD696A008529D2 /* CryptoAppTests.xctest */,
				13607BEC2ACD696A008529D2 /* CryptoAppUITests.xctest */,
			);
			name = Products;
			sourceTree = "<group>";
		};
		13607BCE2ACD6969008529D2 /* CryptoApp */ = {
			isa = PBXGroup;
			children = (
				1397D00E2AD5C342006325BE /* TabBarView */,
				139A39C82AD13F9500FE27EE /* Model */,
				13B30F712AD08155004FDEE0 /* Firebase */,
				13FE0FF62ACD77E600D519CA /* Util */,
				13FE0FD32ACD724C00D519CA /* AuthView */,
				13FE0FD12ACD705A00D519CA /* SceneDelegate.swift */,
				13607BCF2ACD6969008529D2 /* AppDelegate.swift */,
				13607BD82ACD696A008529D2 /* Assets.xcassets */,
				13607BDA2ACD696A008529D2 /* LaunchScreen.storyboard */,
				13607BDD2ACD696A008529D2 /* Info.plist */,
				13FE0FCD2ACD6F6D00D519CA /* MainViewController.swift */,
				13FE0FCE2ACD6F6D00D519CA /* MainViewController.xib */,
				137C04E82ACF3D4E009E0317 /* GoogleService-Info.plist */,
			);
			path = CryptoApp;
			sourceTree = "<group>";
		};
		13607BE52ACD696A008529D2 /* CryptoAppTests */ = {
			isa = PBXGroup;
			children = (
				13607BE62ACD696A008529D2 /* CryptoAppTests.swift */,
			);
			path = CryptoAppTests;
			sourceTree = "<group>";
		};
		13607BEF2ACD696A008529D2 /* CryptoAppUITests */ = {
			isa = PBXGroup;
			children = (
				13607BF02ACD696A008529D2 /* CryptoAppUITests.swift */,
				13607BF22ACD696A008529D2 /* CryptoAppUITestsLaunchTests.swift */,
			);
			path = CryptoAppUITests;
			sourceTree = "<group>";
		};
		1397D00E2AD5C342006325BE /* TabBarView */ = {
			isa = PBXGroup;
			children = (
				1397D0122AD5C370006325BE /* Setting */,
				1397D0112AD5C362006325BE /* Portfolio */,
				1397D0102AD5C358006325BE /* WatchList */,
				1397D00F2AD5C350006325BE /* Home */,
			);
			path = TabBarView;
			sourceTree = "<group>";
		};
		1397D00F2AD5C350006325BE /* Home */ = {
			isa = PBXGroup;
			children = (
				1397D0132AD5C46E006325BE /* HomeViewController.swift */,
				1397D0142AD5C46E006325BE /* HomeViewController.xib */,
			);
			path = Home;
			sourceTree = "<group>";
		};
		1397D0102AD5C358006325BE /* WatchList */ = {
			isa = PBXGroup;
			children = (
				1397D0172AD5C482006325BE /* WatchListViewController.swift */,
				1397D0182AD5C482006325BE /* WatchListViewController.xib */,
			);
			path = WatchList;
			sourceTree = "<group>";
		};
		1397D0112AD5C362006325BE /* Portfolio */ = {
			isa = PBXGroup;
			children = (
				1397D01B2AD5C5E8006325BE /* PortfolioViewController.swift */,
				1397D01C2AD5C5E8006325BE /* PortfolioViewController.xib */,
			);
			path = Portfolio;
			sourceTree = "<group>";
		};
		1397D0122AD5C370006325BE /* Setting */ = {
			isa = PBXGroup;
			children = (
				1397D01F2AD5C5F6006325BE /* SettingViewController.swift */,
				1397D0202AD5C5F6006325BE /* SettingViewController.xib */,
			);
			path = Setting;
			sourceTree = "<group>";
		};
		139A39C82AD13F9500FE27EE /* Model */ = {
			isa = PBXGroup;
			children = (
				139A39C92AD13FA000FE27EE /* User.swift */,
			);
			path = Model;
			sourceTree = "<group>";
		};
		13B30F712AD08155004FDEE0 /* Firebase */ = {
			isa = PBXGroup;
			children = (
				13B30F722AD0816F004FDEE0 /* FirebaseAuthHelper.swift */,
				13B30F742AD08710004FDEE0 /* FirestoreHelper.swift */,
			);
			path = Firebase;
			sourceTree = "<group>";
		};
		13FE0FD32ACD724C00D519CA /* AuthView */ = {
			isa = PBXGroup;
			children = (
				13FE0FDC2ACD72AA00D519CA /* View */,
				13FE0FDB2ACD72A300D519CA /* ViewModel */,
				13FE0FDA2ACD729D00D519CA /* Model */,
			);
			path = AuthView;
			sourceTree = "<group>";
		};
		13FE0FDA2ACD729D00D519CA /* Model */ = {
			isa = PBXGroup;
			children = (
			);
			path = Model;
			sourceTree = "<group>";
		};
		13FE0FDB2ACD72A300D519CA /* ViewModel */ = {
			isa = PBXGroup;
			children = (
				13FE0FE72ACD72F100D519CA /* LoginViewModel.swift */,
				13FE0FE92ACD730100D519CA /* RegisterViewModel.swift */,
			);
			path = ViewModel;
			sourceTree = "<group>";
		};
		13FE0FDC2ACD72AA00D519CA /* View */ = {
			isa = PBXGroup;
			children = (
				13FE0FDD2ACD72BA00D519CA /* LoginViewController.swift */,
				13FE0FDE2ACD72BA00D519CA /* LoginViewController.xib */,
				13FE0FE32ACD72E500D519CA /* RegisterViewController.swift */,
				13FE0FE42ACD72E500D519CA /* RegisterViewController.xib */,
			);
			path = View;
			sourceTree = "<group>";
		};
		13FE0FF62ACD77E600D519CA /* Util */ = {
			isa = PBXGroup;
			children = (
				13FE0FF92ACDCC0B00D519CA /* InputTextField */,
				13FE0FF72ACD780100D519CA /* UIView+Extension.swift */,
				137C04E62ACEBC4D009E0317 /* Validation.swift */,
				133F2F2B2AD2B46700676947 /* UIButton+Extension.swift */,
				133F2F2D2AD2B48B00676947 /* UIViewController+Extension.swift */,
			);
			path = Util;
			sourceTree = "<group>";
		};
		13FE0FF92ACDCC0B00D519CA /* InputTextField */ = {
			isa = PBXGroup;
			children = (
				13FE0FFA2ACDCC3300D519CA /* InputTextField.swift */,
				13FE0FFB2ACDCC3300D519CA /* InputTextField.xib */,
			);
			path = InputTextField;
			sourceTree = "<group>";
		};
		F3347B8FD30D47D9D5D8A7AA /* Frameworks */ = {
			isa = PBXGroup;
			children = (
				1C0D79AC9E713F4BEF91CB44 /* Pods_CryptoApp.framework */,
				F6C75ECC4BC49712D5BBDF8F /* Pods_CryptoApp_CryptoAppUITests.framework */,
				817361604C0453DA4A51C50E /* Pods_CryptoAppTests.framework */,
			);
			name = Frameworks;
			sourceTree = "<group>";
		};
		FB310C4D34B01D7F1EBBF64D /* Pods */ = {
			isa = PBXGroup;
			children = (
				8B2945F62B7AE8275E2D5603 /* Pods-CryptoApp.debug.xcconfig */,
				33674DAC449094691CCA9577 /* Pods-CryptoApp.release.xcconfig */,
				1D6BD845D4C3E6A42DA1D399 /* Pods-CryptoApp-CryptoAppUITests.debug.xcconfig */,
				E129720C5A79E7B67E1EC5CC /* Pods-CryptoApp-CryptoAppUITests.release.xcconfig */,
				BA634FD3CCEE006125100828 /* Pods-CryptoAppTests.debug.xcconfig */,
				F259FCE398BB91DC35EB6D7D /* Pods-CryptoAppTests.release.xcconfig */,
			);
			path = Pods;
			sourceTree = "<group>";
		};
/* End PBXGroup section */

/* Begin PBXNativeTarget section */
		13607BCB2ACD6969008529D2 /* CryptoApp */ = {
			isa = PBXNativeTarget;
			buildConfigurationList = 13607BF62ACD696A008529D2 /* Build configuration list for PBXNativeTarget "CryptoApp" */;
			buildPhases = (
				1C6BE35A032D9678616AC160 /* [CP] Check Pods Manifest.lock */,
				13607BC82ACD6969008529D2 /* Sources */,
				13607BC92ACD6969008529D2 /* Frameworks */,
				13607BCA2ACD6969008529D2 /* Resources */,
				621EDB0044C694785506F6FE /* [CP] Embed Pods Frameworks */,
			);
			buildRules = (
			);
			dependencies = (
			);
			name = CryptoApp;
			productName = CryptoApp;
			productReference = 13607BCC2ACD6969008529D2 /* CryptoApp.app */;
			productType = "com.apple.product-type.application";
		};
		13607BE12ACD696A008529D2 /* CryptoAppTests */ = {
			isa = PBXNativeTarget;
			buildConfigurationList = 13607BF92ACD696A008529D2 /* Build configuration list for PBXNativeTarget "CryptoAppTests" */;
			buildPhases = (
				F7B40A990BA4B506D4A46427 /* [CP] Check Pods Manifest.lock */,
				13607BDE2ACD696A008529D2 /* Sources */,
				13607BDF2ACD696A008529D2 /* Frameworks */,
				13607BE02ACD696A008529D2 /* Resources */,
			);
			buildRules = (
			);
			dependencies = (
				13607BE42ACD696A008529D2 /* PBXTargetDependency */,
			);
			name = CryptoAppTests;
			productName = CryptoAppTests;
			productReference = 13607BE22ACD696A008529D2 /* CryptoAppTests.xctest */;
			productType = "com.apple.product-type.bundle.unit-test";
		};
		13607BEB2ACD696A008529D2 /* CryptoAppUITests */ = {
			isa = PBXNativeTarget;
			buildConfigurationList = 13607BFC2ACD696A008529D2 /* Build configuration list for PBXNativeTarget "CryptoAppUITests" */;
			buildPhases = (
				17008B666775DDF5B48466BD /* [CP] Check Pods Manifest.lock */,
				13607BE82ACD696A008529D2 /* Sources */,
				13607BE92ACD696A008529D2 /* Frameworks */,
				13607BEA2ACD696A008529D2 /* Resources */,
				C28B00ADFF98F1ECC9F7E3F1 /* [CP] Embed Pods Frameworks */,
			);
			buildRules = (
			);
			dependencies = (
				13607BEE2ACD696A008529D2 /* PBXTargetDependency */,
			);
			name = CryptoAppUITests;
			productName = CryptoAppUITests;
			productReference = 13607BEC2ACD696A008529D2 /* CryptoAppUITests.xctest */;
			productType = "com.apple.product-type.bundle.ui-testing";
		};
/* End PBXNativeTarget section */

/* Begin PBXProject section */
		13607BC42ACD6969008529D2 /* Project object */ = {
			isa = PBXProject;
			attributes = {
				BuildIndependentTargetsInParallel = 1;
				LastSwiftUpdateCheck = 1430;
				LastUpgradeCheck = 1430;
				TargetAttributes = {
					13607BCB2ACD6969008529D2 = {
						CreatedOnToolsVersion = 14.3.1;
					};
					13607BE12ACD696A008529D2 = {
						CreatedOnToolsVersion = 14.3.1;
						TestTargetID = 13607BCB2ACD6969008529D2;
					};
					13607BEB2ACD696A008529D2 = {
						CreatedOnToolsVersion = 14.3.1;
						TestTargetID = 13607BCB2ACD6969008529D2;
					};
				};
			};
			buildConfigurationList = 13607BC72ACD6969008529D2 /* Build configuration list for PBXProject "CryptoApp" */;
			compatibilityVersion = "Xcode 14.0";
			developmentRegion = en;
			hasScannedForEncodings = 0;
			knownRegions = (
				en,
				Base,
			);
			mainGroup = 13607BC32ACD6969008529D2;
			productRefGroup = 13607BCD2ACD6969008529D2 /* Products */;
			projectDirPath = "";
			projectRoot = "";
			targets = (
				13607BCB2ACD6969008529D2 /* CryptoApp */,
				13607BE12ACD696A008529D2 /* CryptoAppTests */,
				13607BEB2ACD696A008529D2 /* CryptoAppUITests */,
			);
		};
/* End PBXProject section */

/* Begin PBXResourcesBuildPhase section */
		13607BCA2ACD6969008529D2 /* Resources */ = {
			isa = PBXResourcesBuildPhase;
			buildActionMask = 2147483647;
			files = (
				13FE0FE02ACD72BA00D519CA /* LoginViewController.xib in Resources */,
				13FE0FE62ACD72E500D519CA /* RegisterViewController.xib in Resources */,
				13FE0FFD2ACDCC3300D519CA /* InputTextField.xib in Resources */,
				1397D01A2AD5C482006325BE /* WatchListViewController.xib in Resources */,
				13607BDC2ACD696A008529D2 /* LaunchScreen.storyboard in Resources */,
				13FE0FD02ACD6F6D00D519CA /* MainViewController.xib in Resources */,
				13607BD92ACD696A008529D2 /* Assets.xcassets in Resources */,
				1397D0222AD5C5F6006325BE /* SettingViewController.xib in Resources */,
				137C04E92ACF3D4E009E0317 /* GoogleService-Info.plist in Resources */,
				1397D0162AD5C46E006325BE /* HomeViewController.xib in Resources */,
				1397D01E2AD5C5E8006325BE /* PortfolioViewController.xib in Resources */,
			);
			runOnlyForDeploymentPostprocessing = 0;
		};
		13607BE02ACD696A008529D2 /* Resources */ = {
			isa = PBXResourcesBuildPhase;
			buildActionMask = 2147483647;
			files = (
			);
			runOnlyForDeploymentPostprocessing = 0;
		};
		13607BEA2ACD696A008529D2 /* Resources */ = {
			isa = PBXResourcesBuildPhase;
			buildActionMask = 2147483647;
			files = (
			);
			runOnlyForDeploymentPostprocessing = 0;
		};
/* End PBXResourcesBuildPhase section */

/* Begin PBXShellScriptBuildPhase section */
		17008B666775DDF5B48466BD /* [CP] Check Pods Manifest.lock */ = {
			isa = PBXShellScriptBuildPhase;
			buildActionMask = 2147483647;
			files = (
			);
			inputFileListPaths = (
			);
			inputPaths = (
				"${PODS_PODFILE_DIR_PATH}/Podfile.lock",
				"${PODS_ROOT}/Manifest.lock",
			);
			name = "[CP] Check Pods Manifest.lock";
			outputFileListPaths = (
			);
			outputPaths = (
				"$(DERIVED_FILE_DIR)/Pods-CryptoApp-CryptoAppUITests-checkManifestLockResult.txt",
			);
			runOnlyForDeploymentPostprocessing = 0;
			shellPath = /bin/sh;
			shellScript = "diff \"${PODS_PODFILE_DIR_PATH}/Podfile.lock\" \"${PODS_ROOT}/Manifest.lock\" > /dev/null\nif [ $? != 0 ] ; then\n    # print error to STDERR\n    echo \"error: The sandbox is not in sync with the Podfile.lock. Run 'pod install' or update your CocoaPods installation.\" >&2\n    exit 1\nfi\n# This output is used by Xcode 'outputs' to avoid re-running this script phase.\necho \"SUCCESS\" > \"${SCRIPT_OUTPUT_FILE_0}\"\n";
			showEnvVarsInLog = 0;
		};
		1C6BE35A032D9678616AC160 /* [CP] Check Pods Manifest.lock */ = {
			isa = PBXShellScriptBuildPhase;
			buildActionMask = 2147483647;
			files = (
			);
			inputFileListPaths = (
			);
			inputPaths = (
				"${PODS_PODFILE_DIR_PATH}/Podfile.lock",
				"${PODS_ROOT}/Manifest.lock",
			);
			name = "[CP] Check Pods Manifest.lock";
			outputFileListPaths = (
			);
			outputPaths = (
				"$(DERIVED_FILE_DIR)/Pods-CryptoApp-checkManifestLockResult.txt",
			);
			runOnlyForDeploymentPostprocessing = 0;
			shellPath = /bin/sh;
			shellScript = "diff \"${PODS_PODFILE_DIR_PATH}/Podfile.lock\" \"${PODS_ROOT}/Manifest.lock\" > /dev/null\nif [ $? != 0 ] ; then\n    # print error to STDERR\n    echo \"error: The sandbox is not in sync with the Podfile.lock. Run 'pod install' or update your CocoaPods installation.\" >&2\n    exit 1\nfi\n# This output is used by Xcode 'outputs' to avoid re-running this script phase.\necho \"SUCCESS\" > \"${SCRIPT_OUTPUT_FILE_0}\"\n";
			showEnvVarsInLog = 0;
		};
		621EDB0044C694785506F6FE /* [CP] Embed Pods Frameworks */ = {
			isa = PBXShellScriptBuildPhase;
			buildActionMask = 2147483647;
			files = (
			);
			inputFileListPaths = (
				"${PODS_ROOT}/Target Support Files/Pods-CryptoApp/Pods-CryptoApp-frameworks-${CONFIGURATION}-input-files.xcfilelist",
			);
			name = "[CP] Embed Pods Frameworks";
			outputFileListPaths = (
				"${PODS_ROOT}/Target Support Files/Pods-CryptoApp/Pods-CryptoApp-frameworks-${CONFIGURATION}-output-files.xcfilelist",
			);
			runOnlyForDeploymentPostprocessing = 0;
			shellPath = /bin/sh;
			shellScript = "\"${PODS_ROOT}/Target Support Files/Pods-CryptoApp/Pods-CryptoApp-frameworks.sh\"\n";
			showEnvVarsInLog = 0;
		};
		C28B00ADFF98F1ECC9F7E3F1 /* [CP] Embed Pods Frameworks */ = {
			isa = PBXShellScriptBuildPhase;
			buildActionMask = 2147483647;
			files = (
			);
			inputFileListPaths = (
				"${PODS_ROOT}/Target Support Files/Pods-CryptoApp-CryptoAppUITests/Pods-CryptoApp-CryptoAppUITests-frameworks-${CONFIGURATION}-input-files.xcfilelist",
			);
			name = "[CP] Embed Pods Frameworks";
			outputFileListPaths = (
				"${PODS_ROOT}/Target Support Files/Pods-CryptoApp-CryptoAppUITests/Pods-CryptoApp-CryptoAppUITests-frameworks-${CONFIGURATION}-output-files.xcfilelist",
			);
			runOnlyForDeploymentPostprocessing = 0;
			shellPath = /bin/sh;
			shellScript = "\"${PODS_ROOT}/Target Support Files/Pods-CryptoApp-CryptoAppUITests/Pods-CryptoApp-CryptoAppUITests-frameworks.sh\"\n";
			showEnvVarsInLog = 0;
		};
		F7B40A990BA4B506D4A46427 /* [CP] Check Pods Manifest.lock */ = {
			isa = PBXShellScriptBuildPhase;
			buildActionMask = 2147483647;
			files = (
			);
			inputFileListPaths = (
			);
			inputPaths = (
				"${PODS_PODFILE_DIR_PATH}/Podfile.lock",
				"${PODS_ROOT}/Manifest.lock",
			);
			name = "[CP] Check Pods Manifest.lock";
			outputFileListPaths = (
			);
			outputPaths = (
				"$(DERIVED_FILE_DIR)/Pods-CryptoAppTests-checkManifestLockResult.txt",
			);
			runOnlyForDeploymentPostprocessing = 0;
			shellPath = /bin/sh;
			shellScript = "diff \"${PODS_PODFILE_DIR_PATH}/Podfile.lock\" \"${PODS_ROOT}/Manifest.lock\" > /dev/null\nif [ $? != 0 ] ; then\n    # print error to STDERR\n    echo \"error: The sandbox is not in sync with the Podfile.lock. Run 'pod install' or update your CocoaPods installation.\" >&2\n    exit 1\nfi\n# This output is used by Xcode 'outputs' to avoid re-running this script phase.\necho \"SUCCESS\" > \"${SCRIPT_OUTPUT_FILE_0}\"\n";
			showEnvVarsInLog = 0;
		};
/* End PBXShellScriptBuildPhase section */

/* Begin PBXSourcesBuildPhase section */
		13607BC82ACD6969008529D2 /* Sources */ = {
			isa = PBXSourcesBuildPhase;
			buildActionMask = 2147483647;
			files = (
				139A39CA2AD13FA000FE27EE /* User.swift in Sources */,
				1397D01D2AD5C5E8006325BE /* PortfolioViewController.swift in Sources */,
				13FE0FDF2ACD72BA00D519CA /* LoginViewController.swift in Sources */,
				13FE0FE52ACD72E500D519CA /* RegisterViewController.swift in Sources */,
				133F2F2E2AD2B48B00676947 /* UIViewController+Extension.swift in Sources */,
				13FE0FF82ACD780100D519CA /* UIView+Extension.swift in Sources */,
				13FE0FEA2ACD730100D519CA /* RegisterViewModel.swift in Sources */,
				13FE0FE82ACD72F100D519CA /* LoginViewModel.swift in Sources */,
				13607BD02ACD6969008529D2 /* AppDelegate.swift in Sources */,
				13FE0FCF2ACD6F6D00D519CA /* MainViewController.swift in Sources */,
				13B30F752AD08710004FDEE0 /* FirestoreHelper.swift in Sources */,
				1397D0192AD5C482006325BE /* WatchListViewController.swift in Sources */,
				13FE0FFC2ACDCC3300D519CA /* InputTextField.swift in Sources */,
				1397D0152AD5C46E006325BE /* HomeViewController.swift in Sources */,
				137C04E72ACEBC4D009E0317 /* Validation.swift in Sources */,
				13B30F732AD0816F004FDEE0 /* FirebaseAuthHelper.swift in Sources */,
				1397D0212AD5C5F6006325BE /* SettingViewController.swift in Sources */,
				13FE0FD22ACD705A00D519CA /* SceneDelegate.swift in Sources */,
				133F2F2C2AD2B46700676947 /* UIButton+Extension.swift in Sources */,
			);
			runOnlyForDeploymentPostprocessing = 0;
		};
		13607BDE2ACD696A008529D2 /* Sources */ = {
			isa = PBXSourcesBuildPhase;
			buildActionMask = 2147483647;
			files = (
				13607BE72ACD696A008529D2 /* CryptoAppTests.swift in Sources */,
			);
			runOnlyForDeploymentPostprocessing = 0;
		};
		13607BE82ACD696A008529D2 /* Sources */ = {
			isa = PBXSourcesBuildPhase;
			buildActionMask = 2147483647;
			files = (
				13607BF12ACD696A008529D2 /* CryptoAppUITests.swift in Sources */,
				13607BF32ACD696A008529D2 /* CryptoAppUITestsLaunchTests.swift in Sources */,
			);
			runOnlyForDeploymentPostprocessing = 0;
		};
/* End PBXSourcesBuildPhase section */

/* Begin PBXTargetDependency section */
		13607BE42ACD696A008529D2 /* PBXTargetDependency */ = {
			isa = PBXTargetDependency;
			target = 13607BCB2ACD6969008529D2 /* CryptoApp */;
			targetProxy = 13607BE32ACD696A008529D2 /* PBXContainerItemProxy */;
		};
		13607BEE2ACD696A008529D2 /* PBXTargetDependency */ = {
			isa = PBXTargetDependency;
			target = 13607BCB2ACD6969008529D2 /* CryptoApp */;
			targetProxy = 13607BED2ACD696A008529D2 /* PBXContainerItemProxy */;
		};
/* End PBXTargetDependency section */

/* Begin PBXVariantGroup section */
		13607BDA2ACD696A008529D2 /* LaunchScreen.storyboard */ = {
			isa = PBXVariantGroup;
			children = (
				13607BDB2ACD696A008529D2 /* Base */,
			);
			name = LaunchScreen.storyboard;
			sourceTree = "<group>";
		};
/* End PBXVariantGroup section */

/* Begin XCBuildConfiguration section */
		13607BF42ACD696A008529D2 /* Debug */ = {
			isa = XCBuildConfiguration;
			buildSettings = {
				ALWAYS_SEARCH_USER_PATHS = NO;
				CLANG_ANALYZER_NONNULL = YES;
				CLANG_ANALYZER_NUMBER_OBJECT_CONVERSION = YES_AGGRESSIVE;
				CLANG_CXX_LANGUAGE_STANDARD = "gnu++20";
				CLANG_ENABLE_MODULES = YES;
				CLANG_ENABLE_OBJC_ARC = YES;
				CLANG_ENABLE_OBJC_WEAK = YES;
				CLANG_WARN_BLOCK_CAPTURE_AUTORELEASING = YES;
				CLANG_WARN_BOOL_CONVERSION = YES;
				CLANG_WARN_COMMA = YES;
				CLANG_WARN_CONSTANT_CONVERSION = YES;
				CLANG_WARN_DEPRECATED_OBJC_IMPLEMENTATIONS = YES;
				CLANG_WARN_DIRECT_OBJC_ISA_USAGE = YES_ERROR;
				CLANG_WARN_DOCUMENTATION_COMMENTS = YES;
				CLANG_WARN_EMPTY_BODY = YES;
				CLANG_WARN_ENUM_CONVERSION = YES;
				CLANG_WARN_INFINITE_RECURSION = YES;
				CLANG_WARN_INT_CONVERSION = YES;
				CLANG_WARN_NON_LITERAL_NULL_CONVERSION = YES;
				CLANG_WARN_OBJC_IMPLICIT_RETAIN_SELF = YES;
				CLANG_WARN_OBJC_LITERAL_CONVERSION = YES;
				CLANG_WARN_OBJC_ROOT_CLASS = YES_ERROR;
				CLANG_WARN_QUOTED_INCLUDE_IN_FRAMEWORK_HEADER = YES;
				CLANG_WARN_RANGE_LOOP_ANALYSIS = YES;
				CLANG_WARN_STRICT_PROTOTYPES = YES;
				CLANG_WARN_SUSPICIOUS_MOVE = YES;
				CLANG_WARN_UNGUARDED_AVAILABILITY = YES_AGGRESSIVE;
				CLANG_WARN_UNREACHABLE_CODE = YES;
				CLANG_WARN__DUPLICATE_METHOD_MATCH = YES;
				COPY_PHASE_STRIP = NO;
				DEBUG_INFORMATION_FORMAT = dwarf;
				ENABLE_STRICT_OBJC_MSGSEND = YES;
				ENABLE_TESTABILITY = YES;
				GCC_C_LANGUAGE_STANDARD = gnu11;
				GCC_DYNAMIC_NO_PIC = NO;
				GCC_NO_COMMON_BLOCKS = YES;
				GCC_OPTIMIZATION_LEVEL = 0;
				GCC_PREPROCESSOR_DEFINITIONS = (
					"DEBUG=1",
					"$(inherited)",
				);
				GCC_WARN_64_TO_32_BIT_CONVERSION = YES;
				GCC_WARN_ABOUT_RETURN_TYPE = YES_ERROR;
				GCC_WARN_UNDECLARED_SELECTOR = YES;
				GCC_WARN_UNINITIALIZED_AUTOS = YES_AGGRESSIVE;
				GCC_WARN_UNUSED_FUNCTION = YES;
				GCC_WARN_UNUSED_VARIABLE = YES;
				IPHONEOS_DEPLOYMENT_TARGET = 16.4;
				MTL_ENABLE_DEBUG_INFO = INCLUDE_SOURCE;
				MTL_FAST_MATH = YES;
				ONLY_ACTIVE_ARCH = YES;
				SDKROOT = iphoneos;
				SWIFT_ACTIVE_COMPILATION_CONDITIONS = DEBUG;
				SWIFT_OPTIMIZATION_LEVEL = "-Onone";
			};
			name = Debug;
		};
		13607BF52ACD696A008529D2 /* Release */ = {
			isa = XCBuildConfiguration;
			buildSettings = {
				ALWAYS_SEARCH_USER_PATHS = NO;
				CLANG_ANALYZER_NONNULL = YES;
				CLANG_ANALYZER_NUMBER_OBJECT_CONVERSION = YES_AGGRESSIVE;
				CLANG_CXX_LANGUAGE_STANDARD = "gnu++20";
				CLANG_ENABLE_MODULES = YES;
				CLANG_ENABLE_OBJC_ARC = YES;
				CLANG_ENABLE_OBJC_WEAK = YES;
				CLANG_WARN_BLOCK_CAPTURE_AUTORELEASING = YES;
				CLANG_WARN_BOOL_CONVERSION = YES;
				CLANG_WARN_COMMA = YES;
				CLANG_WARN_CONSTANT_CONVERSION = YES;
				CLANG_WARN_DEPRECATED_OBJC_IMPLEMENTATIONS = YES;
				CLANG_WARN_DIRECT_OBJC_ISA_USAGE = YES_ERROR;
				CLANG_WARN_DOCUMENTATION_COMMENTS = YES;
				CLANG_WARN_EMPTY_BODY = YES;
				CLANG_WARN_ENUM_CONVERSION = YES;
				CLANG_WARN_INFINITE_RECURSION = YES;
				CLANG_WARN_INT_CONVERSION = YES;
				CLANG_WARN_NON_LITERAL_NULL_CONVERSION = YES;
				CLANG_WARN_OBJC_IMPLICIT_RETAIN_SELF = YES;
				CLANG_WARN_OBJC_LITERAL_CONVERSION = YES;
				CLANG_WARN_OBJC_ROOT_CLASS = YES_ERROR;
				CLANG_WARN_QUOTED_INCLUDE_IN_FRAMEWORK_HEADER = YES;
				CLANG_WARN_RANGE_LOOP_ANALYSIS = YES;
				CLANG_WARN_STRICT_PROTOTYPES = YES;
				CLANG_WARN_SUSPICIOUS_MOVE = YES;
				CLANG_WARN_UNGUARDED_AVAILABILITY = YES_AGGRESSIVE;
				CLANG_WARN_UNREACHABLE_CODE = YES;
				CLANG_WARN__DUPLICATE_METHOD_MATCH = YES;
				COPY_PHASE_STRIP = NO;
				DEBUG_INFORMATION_FORMAT = "dwarf-with-dsym";
				ENABLE_NS_ASSERTIONS = NO;
				ENABLE_STRICT_OBJC_MSGSEND = YES;
				GCC_C_LANGUAGE_STANDARD = gnu11;
				GCC_NO_COMMON_BLOCKS = YES;
				GCC_WARN_64_TO_32_BIT_CONVERSION = YES;
				GCC_WARN_ABOUT_RETURN_TYPE = YES_ERROR;
				GCC_WARN_UNDECLARED_SELECTOR = YES;
				GCC_WARN_UNINITIALIZED_AUTOS = YES_AGGRESSIVE;
				GCC_WARN_UNUSED_FUNCTION = YES;
				GCC_WARN_UNUSED_VARIABLE = YES;
				IPHONEOS_DEPLOYMENT_TARGET = 16.4;
				MTL_ENABLE_DEBUG_INFO = NO;
				MTL_FAST_MATH = YES;
				SDKROOT = iphoneos;
				SWIFT_COMPILATION_MODE = wholemodule;
				SWIFT_OPTIMIZATION_LEVEL = "-O";
				VALIDATE_PRODUCT = YES;
			};
			name = Release;
		};
		13607BF72ACD696A008529D2 /* Debug */ = {
			isa = XCBuildConfiguration;
			baseConfigurationReference = 8B2945F62B7AE8275E2D5603 /* Pods-CryptoApp.debug.xcconfig */;
			buildSettings = {
				ASSETCATALOG_COMPILER_APPICON_NAME = AppIcon;
				ASSETCATALOG_COMPILER_GLOBAL_ACCENT_COLOR_NAME = AccentColor;
				CODE_SIGN_STYLE = Automatic;
				CURRENT_PROJECT_VERSION = 1;
				DEVELOPMENT_TEAM = GCR3U2Y34G;
				GENERATE_INFOPLIST_FILE = YES;
				INFOPLIST_FILE = CryptoApp/Info.plist;
				INFOPLIST_KEY_UIApplicationSupportsIndirectInputEvents = YES;
				INFOPLIST_KEY_UILaunchStoryboardName = LaunchScreen;
				INFOPLIST_KEY_UISupportedInterfaceOrientations_iPad = "UIInterfaceOrientationPortrait UIInterfaceOrientationPortraitUpsideDown UIInterfaceOrientationLandscapeLeft UIInterfaceOrientationLandscapeRight";
				INFOPLIST_KEY_UISupportedInterfaceOrientations_iPhone = "UIInterfaceOrientationPortrait UIInterfaceOrientationLandscapeLeft UIInterfaceOrientationLandscapeRight";
				LD_RUNPATH_SEARCH_PATHS = (
					"$(inherited)",
					"@executable_path/Frameworks",
				);
				MARKETING_VERSION = 1.0;
				PRODUCT_BUNDLE_IDENTIFIER = linhnq.CryptoApp;
				PRODUCT_NAME = "$(TARGET_NAME)";
				SWIFT_EMIT_LOC_STRINGS = YES;
				SWIFT_VERSION = 5.0;
				TARGETED_DEVICE_FAMILY = "1,2";
			};
			name = Debug;
		};
		13607BF82ACD696A008529D2 /* Release */ = {
			isa = XCBuildConfiguration;
			baseConfigurationReference = 33674DAC449094691CCA9577 /* Pods-CryptoApp.release.xcconfig */;
			buildSettings = {
				ASSETCATALOG_COMPILER_APPICON_NAME = AppIcon;
				ASSETCATALOG_COMPILER_GLOBAL_ACCENT_COLOR_NAME = AccentColor;
				CODE_SIGN_STYLE = Automatic;
				CURRENT_PROJECT_VERSION = 1;
				DEVELOPMENT_TEAM = GCR3U2Y34G;
				GENERATE_INFOPLIST_FILE = YES;
				INFOPLIST_FILE = CryptoApp/Info.plist;
				INFOPLIST_KEY_UIApplicationSupportsIndirectInputEvents = YES;
				INFOPLIST_KEY_UILaunchStoryboardName = LaunchScreen;
				INFOPLIST_KEY_UISupportedInterfaceOrientations_iPad = "UIInterfaceOrientationPortrait UIInterfaceOrientationPortraitUpsideDown UIInterfaceOrientationLandscapeLeft UIInterfaceOrientationLandscapeRight";
				INFOPLIST_KEY_UISupportedInterfaceOrientations_iPhone = "UIInterfaceOrientationPortrait UIInterfaceOrientationLandscapeLeft UIInterfaceOrientationLandscapeRight";
				LD_RUNPATH_SEARCH_PATHS = (
					"$(inherited)",
					"@executable_path/Frameworks",
				);
				MARKETING_VERSION = 1.0;
				PRODUCT_BUNDLE_IDENTIFIER = linhnq.CryptoApp;
				PRODUCT_NAME = "$(TARGET_NAME)";
				SWIFT_EMIT_LOC_STRINGS = YES;
				SWIFT_VERSION = 5.0;
				TARGETED_DEVICE_FAMILY = "1,2";
			};
			name = Release;
		};
		13607BFA2ACD696A008529D2 /* Debug */ = {
			isa = XCBuildConfiguration;
			baseConfigurationReference = BA634FD3CCEE006125100828 /* Pods-CryptoAppTests.debug.xcconfig */;
			buildSettings = {
				ALWAYS_EMBED_SWIFT_STANDARD_LIBRARIES = YES;
				BUNDLE_LOADER = "$(TEST_HOST)";
				CODE_SIGN_STYLE = Automatic;
				CURRENT_PROJECT_VERSION = 1;
				DEVELOPMENT_TEAM = GCR3U2Y34G;
				GENERATE_INFOPLIST_FILE = YES;
				IPHONEOS_DEPLOYMENT_TARGET = 16.4;
				MARKETING_VERSION = 1.0;
				PRODUCT_BUNDLE_IDENTIFIER = linhnq2k1.CryptoAppTests;
				PRODUCT_NAME = "$(TARGET_NAME)";
				SWIFT_EMIT_LOC_STRINGS = NO;
				SWIFT_VERSION = 5.0;
				TARGETED_DEVICE_FAMILY = "1,2";
				TEST_HOST = "$(BUILT_PRODUCTS_DIR)/CryptoApp.app/$(BUNDLE_EXECUTABLE_FOLDER_PATH)/CryptoApp";
			};
			name = Debug;
		};
		13607BFB2ACD696A008529D2 /* Release */ = {
			isa = XCBuildConfiguration;
			baseConfigurationReference = F259FCE398BB91DC35EB6D7D /* Pods-CryptoAppTests.release.xcconfig */;
			buildSettings = {
				ALWAYS_EMBED_SWIFT_STANDARD_LIBRARIES = YES;
				BUNDLE_LOADER = "$(TEST_HOST)";
				CODE_SIGN_STYLE = Automatic;
				CURRENT_PROJECT_VERSION = 1;
				DEVELOPMENT_TEAM = GCR3U2Y34G;
				GENERATE_INFOPLIST_FILE = YES;
				IPHONEOS_DEPLOYMENT_TARGET = 16.4;
				MARKETING_VERSION = 1.0;
				PRODUCT_BUNDLE_IDENTIFIER = linhnq2k1.CryptoAppTests;
				PRODUCT_NAME = "$(TARGET_NAME)";
				SWIFT_EMIT_LOC_STRINGS = NO;
				SWIFT_VERSION = 5.0;
				TARGETED_DEVICE_FAMILY = "1,2";
				TEST_HOST = "$(BUILT_PRODUCTS_DIR)/CryptoApp.app/$(BUNDLE_EXECUTABLE_FOLDER_PATH)/CryptoApp";
			};
			name = Release;
		};
		13607BFD2ACD696A008529D2 /* Debug */ = {
			isa = XCBuildConfiguration;
			baseConfigurationReference = 1D6BD845D4C3E6A42DA1D399 /* Pods-CryptoApp-CryptoAppUITests.debug.xcconfig */;
			buildSettings = {
				ALWAYS_EMBED_SWIFT_STANDARD_LIBRARIES = YES;
				CODE_SIGN_STYLE = Automatic;
				CURRENT_PROJECT_VERSION = 1;
				DEVELOPMENT_TEAM = GCR3U2Y34G;
				GENERATE_INFOPLIST_FILE = YES;
				MARKETING_VERSION = 1.0;
				PRODUCT_BUNDLE_IDENTIFIER = linhnq2k1.CryptoAppUITests;
				PRODUCT_NAME = "$(TARGET_NAME)";
				SWIFT_EMIT_LOC_STRINGS = NO;
				SWIFT_VERSION = 5.0;
				TARGETED_DEVICE_FAMILY = "1,2";
				TEST_TARGET_NAME = CryptoApp;
			};
			name = Debug;
		};
		13607BFE2ACD696A008529D2 /* Release */ = {
			isa = XCBuildConfiguration;
			baseConfigurationReference = E129720C5A79E7B67E1EC5CC /* Pods-CryptoApp-CryptoAppUITests.release.xcconfig */;
			buildSettings = {
				ALWAYS_EMBED_SWIFT_STANDARD_LIBRARIES = YES;
				CODE_SIGN_STYLE = Automatic;
				CURRENT_PROJECT_VERSION = 1;
				DEVELOPMENT_TEAM = GCR3U2Y34G;
				GENERATE_INFOPLIST_FILE = YES;
				MARKETING_VERSION = 1.0;
				PRODUCT_BUNDLE_IDENTIFIER = linhnq2k1.CryptoAppUITests;
				PRODUCT_NAME = "$(TARGET_NAME)";
				SWIFT_EMIT_LOC_STRINGS = NO;
				SWIFT_VERSION = 5.0;
				TARGETED_DEVICE_FAMILY = "1,2";
				TEST_TARGET_NAME = CryptoApp;
			};
			name = Release;
		};
/* End XCBuildConfiguration section */

/* Begin XCConfigurationList section */
		13607BC72ACD6969008529D2 /* Build configuration list for PBXProject "CryptoApp" */ = {
			isa = XCConfigurationList;
			buildConfigurations = (
				13607BF42ACD696A008529D2 /* Debug */,
				13607BF52ACD696A008529D2 /* Release */,
			);
			defaultConfigurationIsVisible = 0;
			defaultConfigurationName = Release;
		};
		13607BF62ACD696A008529D2 /* Build configuration list for PBXNativeTarget "CryptoApp" */ = {
			isa = XCConfigurationList;
			buildConfigurations = (
				13607BF72ACD696A008529D2 /* Debug */,
				13607BF82ACD696A008529D2 /* Release */,
			);
			defaultConfigurationIsVisible = 0;
			defaultConfigurationName = Release;
		};
		13607BF92ACD696A008529D2 /* Build configuration list for PBXNativeTarget "CryptoAppTests" */ = {
			isa = XCConfigurationList;
			buildConfigurations = (
				13607BFA2ACD696A008529D2 /* Debug */,
				13607BFB2ACD696A008529D2 /* Release */,
			);
			defaultConfigurationIsVisible = 0;
			defaultConfigurationName = Release;
		};
		13607BFC2ACD696A008529D2 /* Build configuration list for PBXNativeTarget "CryptoAppUITests" */ = {
			isa = XCConfigurationList;
			buildConfigurations = (
				13607BFD2ACD696A008529D2 /* Debug */,
				13607BFE2ACD696A008529D2 /* Release */,
			);
			defaultConfigurationIsVisible = 0;
			defaultConfigurationName = Release;
		};
/* End XCConfigurationList section */
	};
	rootObject = 13607BC42ACD6969008529D2 /* Project object */;
}
